
Microsoft Visual Studio Solution File, Format Version 12.00
# Visual Studio 15
VisualStudioVersion = 15.0.27130.2020
MinimumVisualStudioVersion = 10.0.40219.1
Project("{FAE04EC0-301F-11D3-BF4B-00C04F79EFBC}") = "Shuttle.Esb.Sql.Subscription", "Shuttle.Esb.Sql.Subscription\Shuttle.Esb.Sql.Subscription.csproj", "{6ECE6E86-65C6-4CC4-A286-B7B2360A778F}"
EndProject
Project("{FAE04EC0-301F-11D3-BF4B-00C04F79EFBC}") = "Shuttle.Esb.Sql.Subscription.Tests", "Shuttle.Esb.Sql.Subscription.Tests\Shuttle.Esb.Sql.Subscription.Tests.csproj", "{8D1A9452-BEE0-40CE-9259-1590D23C19D7}"
EndProject
Global
	GlobalSection(SolutionConfigurationPlatforms) = preSolution
		Debug|Any CPU = Debug|Any CPU
		Release|Any CPU = Release|Any CPU
	EndGlobalSection
	GlobalSection(ProjectConfigurationPlatforms) = postSolution
		{6ECE6E86-65C6-4CC4-A286-B7B2360A778F}.Debug|Any CPU.ActiveCfg = Debug|Any CPU
		{6ECE6E86-65C6-4CC4-A286-B7B2360A778F}.Debug|Any CPU.Build.0 = Debug|Any CPU
		{6ECE6E86-65C6-4CC4-A286-B7B2360A778F}.Release|Any CPU.ActiveCfg = Release|Any CPU
		{6ECE6E86-65C6-4CC4-A286-B7B2360A778F}.Release|Any CPU.Build.0 = Release|Any CPU
		{8D1A9452-BEE0-40CE-9259-1590D23C19D7}.Debug|Any CPU.ActiveCfg = Debug|Any CPU
		{8D1A9452-BEE0-40CE-9259-1590D23C19D7}.Debug|Any CPU.Build.0 = Debug|Any CPU
		{8D1A9452-BEE0-40CE-9259-1590D23C19D7}.Release|Any CPU.ActiveCfg = Release|Any CPU
		{8D1A9452-BEE0-40CE-9259-1590D23C19D7}.Release|Any CPU.Build.0 = Release|Any CPU
	EndGlobalSection
	GlobalSection(SolutionProperties) = preSolution
		HideSolutionNode = FALSE
	EndGlobalSection
	GlobalSection(ExtensibilityGlobals) = postSolution
		SolutionGuid = {E05129BD-2737-4D7F-B0AC-82C794C358BE}
	EndGlobalSection
EndGlobal
